// !$*UTF8*$!
{
	archiveVersion = 1;
	classes = {
	};
	objectVersion = 46;
	objects = {

/* Begin PBXBuildFile section */
		72ABEF7F1B9496B100D76C59 /* RPSLSGameViewController.swift in Sources */ = {isa = PBXBuildFile; fileRef = 72ABEF7E1B9496B100D76C59 /* RPSLSGameViewController.swift */; };
		72ABEF811B9497B200D76C59 /* RPSLS.swift in Sources */ = {isa = PBXBuildFile; fileRef = 72ABEF801B9497B200D76C59 /* RPSLS.swift */; };
		72E987EE1B90A34E007CF380 /* AppDelegate.swift in Sources */ = {isa = PBXBuildFile; fileRef = 72E987ED1B90A34E007CF380 /* AppDelegate.swift */; };
		72E987F31B90A34E007CF380 /* Main.storyboard in Resources */ = {isa = PBXBuildFile; fileRef = 72E987F11B90A34E007CF380 /* Main.storyboard */; };
		72E987F51B90A34E007CF380 /* Images.xcassets in Resources */ = {isa = PBXBuildFile; fileRef = 72E987F41B90A34E007CF380 /* Images.xcassets */; };
		72E987F81B90A34E007CF380 /* LaunchScreen.xib in Resources */ = {isa = PBXBuildFile; fileRef = 72E987F61B90A34E007CF380 /* LaunchScreen.xib */; };
		72E988041B90A34E007CF380 /* RPSLSTests.swift in Sources */ = {isa = PBXBuildFile; fileRef = 72E988031B90A34E007CF380 /* RPSLSTests.swift */; };
		72E9880E1B90AFF0007CF380 /* RPSLSViewController.swift in Sources */ = {isa = PBXBuildFile; fileRef = 72E9880D1B90AFF0007CF380 /* RPSLSViewController.swift */; };
		72E988101B90E359007CF380 /* RPSLSPageItemViewController.swift in Sources */ = {isa = PBXBuildFile; fileRef = 72E9880F1B90E359007CF380 /* RPSLSPageItemViewController.swift */; };
/* End PBXBuildFile section */

/* Begin PBXContainerItemProxy section */
		72E987FE1B90A34E007CF380 /* PBXContainerItemProxy */ = {
			isa = PBXContainerItemProxy;
			containerPortal = 72E987E01B90A34E007CF380 /* Project object */;
			proxyType = 1;
			remoteGlobalIDString = 72E987E71B90A34E007CF380;
			remoteInfo = RPSLS;
		};
/* End PBXContainerItemProxy section */

/* Begin PBXFileReference section */
		72ABEF7E1B9496B100D76C59 /* RPSLSGameViewController.swift */ = {isa = PBXFileReference; fileEncoding = 4; lastKnownFileType = sourcecode.swift; path = RPSLSGameViewController.swift; sourceTree = "<group>"; };
		72ABEF801B9497B200D76C59 /* RPSLS.swift */ = {isa = PBXFileReference; fileEncoding = 4; lastKnownFileType = sourcecode.swift; path = RPSLS.swift; sourceTree = "<group>"; };
		72E987E81B90A34E007CF380 /* RPSLS.app */ = {isa = PBXFileReference; explicitFileType = wrapper.application; includeInIndex = 0; path = RPSLS.app; sourceTree = BUILT_PRODUCTS_DIR; };
		72E987EC1B90A34E007CF380 /* Info.plist */ = {isa = PBXFileReference; lastKnownFileType = text.plist.xml; path = Info.plist; sourceTree = "<group>"; };
		72E987ED1B90A34E007CF380 /* AppDelegate.swift */ = {isa = PBXFileReference; lastKnownFileType = sourcecode.swift; path = AppDelegate.swift; sourceTree = "<group>"; };
		72E987F21B90A34E007CF380 /* Base */ = {isa = PBXFileReference; lastKnownFileType = file.storyboard; name = Base; path = Base.lproj/Main.storyboard; sourceTree = "<group>"; };
		72E987F41B90A34E007CF380 /* Images.xcassets */ = {isa = PBXFileReference; lastKnownFileType = folder.assetcatalog; path = Images.xcassets; sourceTree = "<group>"; };
		72E987F71B90A34E007CF380 /* Base */ = {isa = PBXFileReference; lastKnownFileType = file.xib; name = Base; path = Base.lproj/LaunchScreen.xib; sourceTree = "<group>"; };
		72E987FD1B90A34E007CF380 /* RPSLSTests.xctest */ = {isa = PBXFileReference; explicitFileType = wrapper.cfbundle; includeInIndex = 0; path = RPSLSTests.xctest; sourceTree = BUILT_PRODUCTS_DIR; };
		72E988021B90A34E007CF380 /* Info.plist */ = {isa = PBXFileReference; lastKnownFileType = text.plist.xml; path = Info.plist; sourceTree = "<group>"; };
		72E988031B90A34E007CF380 /* RPSLSTests.swift */ = {isa = PBXFileReference; lastKnownFileType = sourcecode.swift; path = RPSLSTests.swift; sourceTree = "<group>"; };
		72E9880D1B90AFF0007CF380 /* RPSLSViewController.swift */ = {isa = PBXFileReference; fileEncoding = 4; lastKnownFileType = sourcecode.swift; path = RPSLSViewController.swift; sourceTree = "<group>"; };
		72E9880F1B90E359007CF380 /* RPSLSPageItemViewController.swift */ = {isa = PBXFileReference; fileEncoding = 4; lastKnownFileType = sourcecode.swift; path = RPSLSPageItemViewController.swift; sourceTree = "<group>"; };
/* End PBXFileReference section */

/* Begin PBXFrameworksBuildPhase section */
		72E987E51B90A34E007CF380 /* Frameworks */ = {
			isa = PBXFrameworksBuildPhase;
			buildActionMask = 2147483647;
			files = (
			);
			runOnlyForDeploymentPostprocessing = 0;
		};
		72E987FA1B90A34E007CF380 /* Frameworks */ = {
			isa = PBXFrameworksBuildPhase;
			buildActionMask = 2147483647;
			files = (
			);
			runOnlyForDeploymentPostprocessing = 0;
		};
/* End PBXFrameworksBuildPhase section */

/* Begin PBXGroup section */
		72E987DF1B90A34E007CF380 = {
			isa = PBXGroup;
			children = (
				72E987EA1B90A34E007CF380 /* RPSLS */,
				72E988001B90A34E007CF380 /* RPSLSTests */,
				72E987E91B90A34E007CF380 /* Products */,
			);
			sourceTree = "<group>";
		};
		72E987E91B90A34E007CF380 /* Products */ = {
			isa = PBXGroup;
			children = (
				72E987E81B90A34E007CF380 /* RPSLS.app */,
				72E987FD1B90A34E007CF380 /* RPSLSTests.xctest */,
			);
			name = Products;
			sourceTree = "<group>";
		};
		72E987EA1B90A34E007CF380 /* RPSLS */ = {
			isa = PBXGroup;
			children = (
				72E987ED1B90A34E007CF380 /* AppDelegate.swift */,
				72E987F11B90A34E007CF380 /* Main.storyboard */,
				72E987F41B90A34E007CF380 /* Images.xcassets */,
				72E987F61B90A34E007CF380 /* LaunchScreen.xib */,
				72E987EB1B90A34E007CF380 /* Supporting Files */,
				72E9880D1B90AFF0007CF380 /* RPSLSViewController.swift */,
				72E9880F1B90E359007CF380 /* RPSLSPageItemViewController.swift */,
				72ABEF7E1B9496B100D76C59 /* RPSLSGameViewController.swift */,
				72ABEF801B9497B200D76C59 /* RPSLS.swift */,
			);
			path = RPSLS;
			sourceTree = "<group>";
		};
		72E987EB1B90A34E007CF380 /* Supporting Files */ = {
			isa = PBXGroup;
			children = (
				72E987EC1B90A34E007CF380 /* Info.plist */,
			);
			name = "Supporting Files";
			sourceTree = "<group>";
		};
		72E988001B90A34E007CF380 /* RPSLSTests */ = {
			isa = PBXGroup;
			children = (
				72E988031B90A34E007CF380 /* RPSLSTests.swift */,
				72E988011B90A34E007CF380 /* Supporting Files */,
			);
			path = RPSLSTests;
			sourceTree = "<group>";
		};
		72E988011B90A34E007CF380 /* Supporting Files */ = {
			isa = PBXGroup;
			children = (
				72E988021B90A34E007CF380 /* Info.plist */,
			);
			name = "Supporting Files";
			sourceTree = "<group>";
		};
/* End PBXGroup section */

/* Begin PBXNativeTarget section */
		72E987E71B90A34E007CF380 /* RPSLS */ = {
			isa = PBXNativeTarget;
			buildConfigurationList = 72E988071B90A34E007CF380 /* Build configuration list for PBXNativeTarget "RPSLS" */;
			buildPhases = (
				72E987E41B90A34E007CF380 /* Sources */,
				72E987E51B90A34E007CF380 /* Frameworks */,
				72E987E61B90A34E007CF380 /* Resources */,
			);
			buildRules = (
			);
			dependencies = (
			);
			name = RPSLS;
			productName = RPSLS;
			productReference = 72E987E81B90A34E007CF380 /* RPSLS.app */;
			productType = "com.apple.product-type.application";
		};
		72E987FC1B90A34E007CF380 /* RPSLSTests */ = {
			isa = PBXNativeTarget;
			buildConfigurationList = 72E9880A1B90A34E007CF380 /* Build configuration list for PBXNativeTarget "RPSLSTests" */;
			buildPhases = (
				72E987F91B90A34E007CF380 /* Sources */,
				72E987FA1B90A34E007CF380 /* Frameworks */,
				72E987FB1B90A34E007CF380 /* Resources */,
			);
			buildRules = (
			);
			dependencies = (
				72E987FF1B90A34E007CF380 /* PBXTargetDependency */,
			);
			name = RPSLSTests;
			productName = RPSLSTests;
			productReference = 72E987FD1B90A34E007CF380 /* RPSLSTests.xctest */;
			productType = "com.apple.product-type.bundle.unit-test";
		};
/* End PBXNativeTarget section */

/* Begin PBXProject section */
		72E987E01B90A34E007CF380 /* Project object */ = {
			isa = PBXProject;
			attributes = {
				LastUpgradeCheck = 0640;
				ORGANIZATIONNAME = himynameisgustavo;
				TargetAttributes = {
					72E987E71B90A34E007CF380 = {
						CreatedOnToolsVersion = 6.4;
					};
					72E987FC1B90A34E007CF380 = {
						CreatedOnToolsVersion = 6.4;
						TestTargetID = 72E987E71B90A34E007CF380;
					};
				};
			};
			buildConfigurationList = 72E987E31B90A34E007CF380 /* Build configuration list for PBXProject "RPSLS" */;
			compatibilityVersion = "Xcode 3.2";
			developmentRegion = English;
			hasScannedForEncodings = 0;
			knownRegions = (
				en,
				Base,
			);
			mainGroup = 72E987DF1B90A34E007CF380;
			productRefGroup = 72E987E91B90A34E007CF380 /* Products */;
			projectDirPath = "";
			projectRoot = "";
			targets = (
				72E987E71B90A34E007CF380 /* RPSLS */,
				72E987FC1B90A34E007CF380 /* RPSLSTests */,
			);
		};
/* End PBXProject section */

/* Begin PBXResourcesBuildPhase section */
		72E987E61B90A34E007CF380 /* Resources */ = {
			isa = PBXResourcesBuildPhase;
			buildActionMask = 2147483647;
			files = (
				72E987F31B90A34E007CF380 /* Main.storyboard in Resources */,
				72E987F81B90A34E007CF380 /* LaunchScreen.xib in Resources */,
				72E987F51B90A34E007CF380 /* Images.xcassets in Resources */,
			);
			runOnlyForDeploymentPostprocessing = 0;
		};
		72E987FB1B90A34E007CF380 /* Resources */ = {
			isa = PBXResourcesBuildPhase;
			buildActionMask = 2147483647;
			files = (
			);
			runOnlyForDeploymentPostprocessing = 0;
		};
/* End PBXResourcesBuildPhase section */

/* Begin PBXSourcesBuildPhase section */
		72E987E41B90A34E007CF380 /* Sources */ = {
			isa = PBXSourcesBuildPhase;
			buildActionMask = 2147483647;
			files = (
				72E987EE1B90A34E007CF380 /* AppDelegate.swift in Sources */,
				72ABEF7F1B9496B100D76C59 /* RPSLSGameViewController.swift in Sources */,
				72ABEF811B9497B200D76C59 /* RPSLS.swift in Sources */,
				72E988101B90E359007CF380 /* RPSLSPageItemViewController.swift in Sources */,
				72E9880E1B90AFF0007CF380 /* RPSLSViewController.swift in Sources */,
			);
			runOnlyForDeploymentPostprocessing = 0;
		};
		72E987F91B90A34E007CF380 /* Sources */ = {
			isa = PBXSourcesBuildPhase;
			buildActionMask = 2147483647;
			files = (
				72E988041B90A34E007CF380 /* RPSLSTests.swift in Sources */,
			);
			runOnlyForDeploymentPostprocessing = 0;
		};
/* End PBXSourcesBuildPhase section */

/* Begin PBXTargetDependency section */
		72E987FF1B90A34E007CF380 /* PBXTargetDependency */ = {
			isa = PBXTargetDependency;
			target = 72E987E71B90A34E007CF380 /* RPSLS */;
			targetProxy = 72E987FE1B90A34E007CF380 /* PBXContainerItemProxy */;
		};
/* End PBXTargetDependency section */

/* Begin PBXVariantGroup section */
		72E987F11B90A34E007CF380 /* Main.storyboard */ = {
			isa = PBXVariantGroup;
			children = (
				72E987F21B90A34E007CF380 /* Base */,
			);
			name = Main.storyboard;
			sourceTree = "<group>";
		};
		72E987F61B90A34E007CF380 /* LaunchScreen.xib */ = {
			isa = PBXVariantGroup;
			children = (
				72E987F71B90A34E007CF380 /* Base */,
			);
			name = LaunchScreen.xib;
			sourceTree = "<group>";
		};
/* End PBXVariantGroup section */

/* Begin XCBuildConfiguration section */
		72E988051B90A34E007CF380 /* Debug */ = {
			isa = XCBuildConfiguration;
			buildSettings = {
				ALWAYS_SEARCH_USER_PATHS = NO;
				CLANG_CXX_LANGUAGE_STANDARD = "gnu++0x";
				CLANG_CXX_LIBRARY = "libc++";
				CLANG_ENABLE_MODULES = YES;
				CLANG_ENABLE_OBJC_ARC = YES;
				CLANG_WARN_BOOL_CONVERSION = YES;
				CLANG_WARN_CONSTANT_CONVERSION = YES;
				CLANG_WARN_DIRECT_OBJC_ISA_USAGE = YES_ERROR;
				CLANG_WARN_EMPTY_BODY = YES;
				CLANG_WARN_ENUM_CONVERSION = YES;
				CLANG_WARN_INT_CONVERSION = YES;
				CLANG_WARN_OBJC_ROOT_CLASS = YES_ERROR;
				CLANG_WARN_UNREACHABLE_CODE = YES;
				CLANG_WARN__DUPLICATE_METHOD_MATCH = YES;
				"CODE_SIGN_IDENTITY[sdk=iphoneos*]" = "iPhone Developer";
				COPY_PHASE_STRIP = NO;
				DEBUG_INFORMATION_FORMAT = "dwarf-with-dsym";
				ENABLE_STRICT_OBJC_MSGSEND = YES;
				GCC_C_LANGUAGE_STANDARD = gnu99;
				GCC_DYNAMIC_NO_PIC = NO;
				GCC_NO_COMMON_BLOCKS = YES;
				GCC_OPTIMIZATION_LEVEL = 0;
				GCC_PREPROCESSOR_DEFINITIONS = (
					"DEBUG=1",
					"$(inherited)",
				);
				GCC_SYMBOLS_PRIVATE_EXTERN = NO;
				GCC_WARN_64_TO_32_BIT_CONVERSION = YES;
				GCC_WARN_ABOUT_RETURN_TYPE = YES_ERROR;
				GCC_WARN_UNDECLARED_SELECTOR = YES;
				GCC_WARN_UNINITIALIZED_AUTOS = YES_AGGRESSIVE;
				GCC_WARN_UNUSED_FUNCTION = YES;
				GCC_WARN_UNUSED_VARIABLE = YES;
				IPHONEOS_DEPLOYMENT_TARGET = 8.4;
				MTL_ENABLE_DEBUG_INFO = YES;
				ONLY_ACTIVE_ARCH = YES;
				SDKROOT = iphoneos;
				SWIFT_OPTIMIZATION_LEVEL = "-Onone";
			};
			name = Debug;
		};
		72E988061B90A34E007CF380 /* Release */ = {
			isa = XCBuildConfiguration;
			buildSettings = {
				ALWAYS_SEARCH_USER_PATHS = NO;
				CLANG_CXX_LANGUAGE_STANDARD = "gnu++0x";
				CLANG_CXX_LIBRARY = "libc++";
				CLANG_ENABLE_MODULES = YES;
				CLANG_ENABLE_OBJC_ARC = YES;
				CLANG_WARN_BOOL_CONVERSION = YES;
				CLANG_WARN_CONSTANT_CONVERSION = YES;
				CLANG_WARN_DIRECT_OBJC_ISA_USAGE = YES_ERROR;
				CLANG_WARN_EMPTY_BODY = YES;
				CLANG_WARN_ENUM_CONVERSION = YES;
				CLANG_WARN_INT_CONVERSION = YES;
				CLANG_WARN_OBJC_ROOT_CLASS = YES_ERROR;
				CLANG_WARN_UNREACHABLE_CODE = YES;
				CLANG_WARN__DUPLICATE_METHOD_MATCH = YES;
				"CODE_SIGN_IDENTITY[sdk=iphoneos*]" = "iPhone Developer";
				COPY_PHASE_STRIP = NO;
				DEBUG_INFORMATION_FORMAT = "dwarf-with-dsym";
				ENABLE_NS_ASSERTIONS = NO;
				ENABLE_STRICT_OBJC_MSGSEND = YES;
				GCC_C_LANGUAGE_STANDARD = gnu99;
				GCC_NO_COMMON_BLOCKS = YES;
				GCC_WARN_64_TO_32_BIT_CONVERSION = YES;
				GCC_WARN_ABOUT_RETURN_TYPE = YES_ERROR;
				GCC_WARN_UNDECLARED_SELECTOR = YES;
				GCC_WARN_UNINITIALIZED_AUTOS = YES_AGGRESSIVE;
				GCC_WARN_UNUSED_FUNCTION = YES;
				GCC_WARN_UNUSED_VARIABLE = YES;
				IPHONEOS_DEPLOYMENT_TARGET = 8.4;
				MTL_ENABLE_DEBUG_INFO = NO;
				SDKROOT = iphoneos;
				VALIDATE_PRODUCT = YES;
			};
			name = Release;
		};
		72E988081B90A34E007CF380 /* Debug */ = {
			isa = XCBuildConfiguration;
			buildSettings = {
				ASSETCATALOG_COMPILER_APPICON_NAME = AppIcon;
				INFOPLIST_FILE = RPSLS/Info.plist;
				LD_RUNPATH_SEARCH_PATHS = "$(inherited) @executable_path/Frameworks";
				PRODUCT_NAME = "$(TARGET_NAME)";
			};
			name = Debug;
		};
		72E988091B90A34E007CF380 /* Release */ = {
			isa = XCBuildConfiguration;
			buildSettings = {
				ASSETCATALOG_COMPILER_APPICON_NAME = AppIcon;
				INFOPLIST_FILE = RPSLS/Info.plist;
				LD_RUNPATH_SEARCH_PATHS = "$(inherited) @executable_path/Frameworks";
				PRODUCT_NAME = "$(TARGET_NAME)";
			};
			name = Release;
		};
		72E9880B1B90A34E007CF380 /* Debug */ = {
			isa = XCBuildConfiguration;
			buildSettings = {
				BUNDLE_LOADER = "$(TEST_HOST)";
				FRAMEWORK_SEARCH_PATHS = (
					"$(SDKROOT)/Developer/Library/Frameworks",
					"$(inherited)",
				);
				GCC_PREPROCESSOR_DEFINITIONS = (
					"DEBUG=1",
					"$(inherited)",
				);
				INFOPLIST_FILE = RPSLSTests/Info.plist;
				LD_RUNPATH_SEARCH_PATHS = "$(inherited) @executable_path/Frameworks @loader_path/Frameworks";
				PRODUCT_NAME = "$(TARGET_NAME)";
				TEST_HOST = "$(BUILT_PRODUCTS_DIR)/RPSLS.app/RPSLS";
			};
			name = Debug;
		};
		72E9880C1B90A34E007CF380 /* Release */ = {
			isa = XCBuildConfiguration;
			buildSettings = {
				BUNDLE_LOADER = "$(TEST_HOST)";
				FRAMEWORK_SEARCH_PATHS = (
					"$(SDKROOT)/Developer/Library/Frameworks",
					"$(inherited)",
				);
				INFOPLIST_FILE = RPSLSTests/Info.plist;
				LD_RUNPATH_SEARCH_PATHS = "$(inherited) @executable_path/Frameworks @loader_path/Frameworks";
				PRODUCT_NAME = "$(TARGET_NAME)";
				TEST_HOST = "$(BUILT_PRODUCTS_DIR)/RPSLS.app/RPSLS";
			};
			name = Release;
		};
/* End XCBuildConfiguration section */

/* Begin XCConfigurationList section */
		72E987E31B90A34E007CF380 /* Build configuration list for PBXProject "RPSLS" */ = {
			isa = XCConfigurationList;
			buildConfigurations = (
				72E988051B90A34E007CF380 /* Debug */,
				72E988061B90A34E007CF380 /* Release */,
			);
			defaultConfigurationIsVisible = 0;
			defaultConfigurationName = Release;
		};
		72E988071B90A34E007CF380 /* Build configuration list for PBXNativeTarget "RPSLS" */ = {
			isa = XCConfigurationList;
			buildConfigurations = (
				72E988081B90A34E007CF380 /* Debug */,
				72E988091B90A34E007CF380 /* Release */,
			);
			defaultConfigurationIsVisible = 0;
			defaultConfigurationName = Release;
		};
		72E9880A1B90A34E007CF380 /* Build configuration list for PBXNativeTarget "RPSLSTests" */ = {
			isa = XCConfigurationList;
			buildConfigurations = (
				72E9880B1B90A34E007CF380 /* Debug */,
				72E9880C1B90A34E007CF380 /* Release */,
			);
			defaultConfigurationIsVisible = 0;
			defaultConfigurationName = Release;
		};
/* End XCConfigurationList section */
	};
	rootObject = 72E987E01B90A34E007CF380 /* Project object */;
}
